
Microsoft Visual Studio Solution File, Format Version 12.00
# Visual Studio 2013
VisualStudioVersion = 12.0.30723.0
MinimumVisualStudioVersion = 10.0.40219.1
Project("{FAE04EC0-301F-11D3-BF4B-00C04F79EFBC}") = "SharpBlade.TestApp", "SharpBlade.TestApp\SharpBlade.TestApp.csproj", "{241B2AC2-6A05-476F-8D39-2ABDCCAD3940}"
EndProject
Project("{FAE04EC0-301F-11D3-BF4B-00C04F79EFBC}") = "SharpBlade", "SharpBlade\SharpBlade\SharpBlade.csproj", "{2C390908-D634-4450-9804-71D4929DD392}"
EndProject
Project("{2150E333-8FDC-42A3-9474-1A3956D46DE8}") = "Solution Items", "Solution Items", "{7D172A0D-0276-40C0-B021-A8DC45EFB283}"
	ProjectSection(SolutionItems) = preProject
		Performance1.psess = Performance1.psess
	EndProjectSection
EndProject
Global
	GlobalSection(SolutionConfigurationPlatforms) = preSolution
		Debug|Any CPU = Debug|Any CPU
		Debug|x86 = Debug|x86
		Release|Any CPU = Release|Any CPU
		Release|x86 = Release|x86
	EndGlobalSection
	GlobalSection(ProjectConfigurationPlatforms) = postSolution
		{241B2AC2-6A05-476F-8D39-2ABDCCAD3940}.Debug|Any CPU.ActiveCfg = Debug|Any CPU
		{241B2AC2-6A05-476F-8D39-2ABDCCAD3940}.Debug|Any CPU.Build.0 = Debug|Any CPU
		{241B2AC2-6A05-476F-8D39-2ABDCCAD3940}.Debug|x86.ActiveCfg = Debug|Any CPU
		{241B2AC2-6A05-476F-8D39-2ABDCCAD3940}.Release|Any CPU.ActiveCfg = Release|Any CPU
		{241B2AC2-6A05-476F-8D39-2ABDCCAD3940}.Release|Any CPU.Build.0 = Release|Any CPU
		{241B2AC2-6A05-476F-8D39-2ABDCCAD3940}.Release|x86.ActiveCfg = Release|Any CPU
		{2C390908-D634-4450-9804-71D4929DD392}.Debug|Any CPU.ActiveCfg = Debug|Any CPU
		{2C390908-D634-4450-9804-71D4929DD392}.Debug|Any CPU.Build.0 = Debug|Any CPU
		{2C390908-D634-4450-9804-71D4929DD392}.Debug|x86.ActiveCfg = Debug|x86
		{2C390908-D634-4450-9804-71D4929DD392}.Debug|x86.Build.0 = Debug|x86
		{2C390908-D634-4450-9804-71D4929DD392}.Release|Any CPU.ActiveCfg = Release|Any CPU
		{2C390908-D634-4450-9804-71D4929DD392}.Release|Any CPU.Build.0 = Release|Any CPU
		{2C390908-D634-4450-9804-71D4929DD392}.Release|x86.ActiveCfg = Release|x86
		{2C390908-D634-4450-9804-71D4929DD392}.Release|x86.Build.0 = Release|x86
	EndGlobalSection
	GlobalSection(SolutionProperties) = preSolution
		HideSolutionNode = FALSE
	EndGlobalSection
	GlobalSection(Performance) = preSolution
		HasPerformanceSessions = true
	EndGlobalSection
EndGlobal
